
Microsoft Visual Studio Solution File, Format Version 12.00
# Visual Studio Version 17
VisualStudioVersion = 17.2.32630.192
MinimumVisualStudioVersion = 10.0.40219.1
Project("{FAE04EC0-301F-11D3-BF4B-00C04F79EFBC}") = "Comentarios", "Comentarios\Comentarios.csproj", "{9C0B9F77-4935-45E8-A086-CEFB5DACCF06}"
EndProject
Global
	GlobalSection(SolutionConfigurationPlatforms) = preSolution
		Debug|Any CPU = Debug|Any CPU
		Release|Any CPU = Release|Any CPU
	EndGlobalSection
	GlobalSection(ProjectConfigurationPlatforms) = postSolution
		{9C0B9F77-4935-45E8-A086-CEFB5DACCF06}.Debug|Any CPU.ActiveCfg = Debug|Any CPU
		{9C0B9F77-4935-45E8-A086-CEFB5DACCF06}.Debug|Any CPU.Build.0 = Debug|Any CPU
		{9C0B9F77-4935-45E8-A086-CEFB5DACCF06}.Release|Any CPU.ActiveCfg = Release|Any CPU
		{9C0B9F77-4935-45E8-A086-CEFB5DACCF06}.Release|Any CPU.Build.0 = Release|Any CPU
	EndGlobalSection
	GlobalSection(SolutionProperties) = preSolution
		HideSolutionNode = FALSE
	EndGlobalSection
	GlobalSection(ExtensibilityGlobals) = postSolution
		SolutionGuid = {8FD33E2B-65DF-4F7D-ACA1-0C7DE5796F05}
	EndGlobalSection
EndGlobal
