
Microsoft Visual Studio Solution File, Format Version 12.00
# Visual Studio Version 17
VisualStudioVersion = 17.2.32630.192
MinimumVisualStudioVersion = 10.0.40219.1
Project("{FAE04EC0-301F-11D3-BF4B-00C04F79EFBC}") = "Variaveis", "Variaveis\Variaveis.csproj", "{304C7F16-EF9B-49A8-B7D6-BA99DF9A8C39}"
EndProject
Global
	GlobalSection(SolutionConfigurationPlatforms) = preSolution
		Debug|Any CPU = Debug|Any CPU
		Release|Any CPU = Release|Any CPU
	EndGlobalSection
	GlobalSection(ProjectConfigurationPlatforms) = postSolution
		{304C7F16-EF9B-49A8-B7D6-BA99DF9A8C39}.Debug|Any CPU.ActiveCfg = Debug|Any CPU
		{304C7F16-EF9B-49A8-B7D6-BA99DF9A8C39}.Debug|Any CPU.Build.0 = Debug|Any CPU
		{304C7F16-EF9B-49A8-B7D6-BA99DF9A8C39}.Release|Any CPU.ActiveCfg = Release|Any CPU
		{304C7F16-EF9B-49A8-B7D6-BA99DF9A8C39}.Release|Any CPU.Build.0 = Release|Any CPU
	EndGlobalSection
	GlobalSection(SolutionProperties) = preSolution
		HideSolutionNode = FALSE
	EndGlobalSection
	GlobalSection(ExtensibilityGlobals) = postSolution
		SolutionGuid = {BBC8CA67-2314-48EE-ADF7-42AE404BC689}
	EndGlobalSection
EndGlobal
